<?xml version="1.0" encoding="utf-8"?>
<Project ToolsVersion="4.0" xmlns="http://schemas.microsoft.com/developer/msbuild/2003">
  <ItemGroup>
    <Filter Include="Assets">
      <UniqueIdentifier>9700237c-e205-4e7d-b3cd-c676a2d7e20e</UniqueIdentifier>
    </Filter>
    <Image Include="Assets\Logo.png">
      <Filter>Assets</Filter>
    </Image>
    <Image Include="Assets\SmallLogo.png">
      <Filter>Assets</Filter>
    </Image>
    <Image Include="Assets\StoreLogo.png">
      <Filter>Assets</Filter>
    </Image>
    <Image Include="Assets\SplashScreen.png">
      <Filter>Assets</Filter>
    </Image>
    <Filter Include="CubeStuff">
      <UniqueIdentifier>{a9b9a229-42bb-4f6f-9873-3c56d4be9abc}</UniqueIdentifier>
    </Filter>
    <Filter Include="CubeStuff\Cube">
      <UniqueIdentifier>{3a337c97-4cdc-49a3-9b08-3130c45681b9}</UniqueIdentifier>
    </Filter>
    <Filter Include="CubeStuff\CubeCommandList">
      <UniqueIdentifier>{aabade25-3bbe-432d-a977-d03b61e69d3e}</UniqueIdentifier>
    </Filter>
    <Filter Include="CubeStuff\CubePlayer">
      <UniqueIdentifier>{31d14b8e-38ab-4f63-afa1-dc28fc7901d8}</UniqueIdentifier>
    </Filter>
    <Filter Include="CubeStuff\CubeHelperFunctions">
      <UniqueIdentifier>{6a27f4d4-8329-4047-bdab-df0f82599a92}</UniqueIdentifier>
    </Filter>
    <Filter Include="CubeStuff\CubeSolver">
      <UniqueIdentifier>{56f08b96-8a24-4485-a46f-fff21c72fb29}</UniqueIdentifier>
    </Filter>
    <Filter Include="Renderer">
      <UniqueIdentifier>{ca699fb9-abe8-4f44-811d-a224931541f4}</UniqueIdentifier>
    </Filter>
    <Filter Include="Renderer\NULL Renderer">
      <UniqueIdentifier>{2d53f5f1-1f59-4082-94fd-9295fb27a269}</UniqueIdentifier>
    </Filter>
    <Filter Include="Renderer\D3D">
      <UniqueIdentifier>{d624dc42-5466-4027-a9b6-e4afa05b0f19}</UniqueIdentifier>
    </Filter>
    <Filter Include="Renderer\GL">
      <UniqueIdentifier>{04a960c3-8bbe-47a5-bfe8-632c87cd6be6}</UniqueIdentifier>
    </Filter>
    <Filter Include="WindowsStore">
      <UniqueIdentifier>{485465b6-9f35-4634-a8b3-33bc454a91ac}</UniqueIdentifier>
    </Filter>
  </ItemGroup>
  <ItemGroup>
    <FxCompile Include="SimpleVertexShader.hlsl">
      <Filter>Renderer\D3D</Filter>
    </FxCompile>
    <FxCompile Include="SimplePixelShader.hlsl">
      <Filter>Renderer\D3D</Filter>
    </FxCompile>
  </ItemGroup>
  <ItemGroup>
    <ClCompile Include="CubePlayer.cpp">
      <Filter>CubeStuff\CubePlayer</Filter>
    </ClCompile>
    <ClCompile Include="CubeCommandList.cpp">
      <Filter>CubeStuff\CubeCommandList</Filter>
    </ClCompile>
    <ClCompile Include="CubeSolver.cpp">
      <Filter>CubeStuff\CubeSolver</Filter>
    </ClCompile>
    <ClCompile Include="Cube.cpp">
      <Filter>CubeStuff\Cube</Filter>
    </ClCompile>
    <ClCompile Include="Slice.cpp">
      <Filter>CubeStuff\Cube</Filter>
    </ClCompile>
    <ClCompile Include="Sticker.cpp">
      <Filter>CubeStuff\Cube</Filter>
    </ClCompile>
    <ClCompile Include="AppRenderer.cpp" />
    <ClCompile Include="RendererD3D.cpp">
      <Filter>Renderer\D3D</Filter>
    </ClCompile>
    <ClCompile Include="WindowsStoreApp.cpp">
      <Filter>WindowsStore</Filter>
    </ClCompile>
    <ClCompile Include="pch.cpp">
      <Filter>WindowsStore</Filter>
    </ClCompile>
  </ItemGroup>
  <ItemGroup>
    <ClInclude Include="CubePlayer.h">
      <Filter>CubeStuff\CubePlayer</Filter>
    </ClInclude>
    <ClInclude Include="CubeCommandList.h">
      <Filter>CubeStuff\CubeCommandList</Filter>
    </ClInclude>
    <ClInclude Include="CubeSolver.h">
      <Filter>CubeStuff\CubeSolver</Filter>
    </ClInclude>
    <ClInclude Include="CubeHelperFunctions.h">
      <Filter>CubeStuff\CubeHelperFunctions</Filter>
    </ClInclude>
    <ClInclude Include="Cube.h">
      <Filter>CubeStuff\Cube</Filter>
    </ClInclude>
    <ClInclude Include="Slice.h">
      <Filter>CubeStuff\Cube</Filter>
    </ClInclude>
    <ClInclude Include="Sticker.h">
      <Filter>CubeStuff\Cube</Filter>
    </ClInclude>
    <ClInclude Include="AppRenderer.h" />
    <ClInclude Include="RendererD3D.h">
      <Filter>Renderer\D3D</Filter>
    </ClInclude>
    <ClInclude Include="Renderer.h">
      <Filter>Renderer</Filter>
    </ClInclude>
    <ClInclude Include="WindowsStoreApp.h">
      <Filter>WindowsStore</Filter>
    </ClInclude>
    <ClInclude Include="DirectXHelper.h">
      <Filter>WindowsStore</Filter>
    </ClInclude>
    <ClInclude Include="BasicTimer.h">
      <Filter>WindowsStore</Filter>
    </ClInclude>
    <ClInclude Include="pch.h">
      <Filter>WindowsStore</Filter>
    </ClInclude>
  </ItemGroup>
  <ItemGroup>
    <AppxManifest Include="Package.appxmanifest">
      <Filter>WindowsStore</Filter>
    </AppxManifest>
  </ItemGroup>
  <ItemGroup>
    <None Include="RubiksCube_TemporaryKey.pfx">
      <Filter>WindowsStore</Filter>
    </None>
  </ItemGroup>
</Project>